{
  "name": "eslint-config-n8n-nodes-base",
  "version": "1.0.0",
  "lockfileVersion": 2,
  "requires": true,
  "packages": {
    "": {
      "name": "eslint-config-n8n-nodes-base",
      "version": "1.0.0",
      "license": "MIT",
      "peerDependencies": {
        "eslint": ">= 8"
      }
    }
  }
}
